
Microsoft Visual Studio Solution File, Format Version 12.00
# Visual Studio Version 17
VisualStudioVersion = 17.5.33530.505
MinimumVisualStudioVersion = 10.0.40219.1
Project("{FAE04EC0-301F-11D3-BF4B-00C04F79EFBC}") = "FinalProjectMokdad-Attar", "FinalProjectMokdad-Attar\FinalProjectMokdad-Attar.csproj", "{D93A0C72-5C55-4067-B3A4-09D82B26A38F}"
EndProject
Global
	GlobalSection(SolutionConfigurationPlatforms) = preSolution
		Debug|Any CPU = Debug|Any CPU
		Release|Any CPU = Release|Any CPU
	EndGlobalSection
	GlobalSection(ProjectConfigurationPlatforms) = postSolution
		{D93A0C72-5C55-4067-B3A4-09D82B26A38F}.Debug|Any CPU.ActiveCfg = Debug|Any CPU
		{D93A0C72-5C55-4067-B3A4-09D82B26A38F}.Debug|Any CPU.Build.0 = Debug|Any CPU
		{D93A0C72-5C55-4067-B3A4-09D82B26A38F}.Release|Any CPU.ActiveCfg = Release|Any CPU
		{D93A0C72-5C55-4067-B3A4-09D82B26A38F}.Release|Any CPU.Build.0 = Release|Any CPU
	EndGlobalSection
	GlobalSection(SolutionProperties) = preSolution
		HideSolutionNode = FALSE
	EndGlobalSection
	GlobalSection(ExtensibilityGlobals) = postSolution
		SolutionGuid = {BE5097FA-D740-4BB2-B980-E2A7617EBCFB}
	EndGlobalSection
EndGlobal
